
Microsoft Visual Studio Solution File, Format Version 12.00
# Visual Studio Version 17
VisualStudioVersion = 17.3.32901.215
MinimumVisualStudioVersion = 10.0.40219.1
Project("{FAE04EC0-301F-11D3-BF4B-00C04F79EFBC}") = "gyakorlas_git", "gyakorlas_git\gyakorlas_git.csproj", "{808911B1-CF67-4C7E-A8ED-E420263825B1}"
EndProject
Global
	GlobalSection(SolutionConfigurationPlatforms) = preSolution
		Debug|Any CPU = Debug|Any CPU
		Release|Any CPU = Release|Any CPU
	EndGlobalSection
	GlobalSection(ProjectConfigurationPlatforms) = postSolution
		{808911B1-CF67-4C7E-A8ED-E420263825B1}.Debug|Any CPU.ActiveCfg = Debug|Any CPU
		{808911B1-CF67-4C7E-A8ED-E420263825B1}.Debug|Any CPU.Build.0 = Debug|Any CPU
		{808911B1-CF67-4C7E-A8ED-E420263825B1}.Release|Any CPU.ActiveCfg = Release|Any CPU
		{808911B1-CF67-4C7E-A8ED-E420263825B1}.Release|Any CPU.Build.0 = Release|Any CPU
	EndGlobalSection
	GlobalSection(SolutionProperties) = preSolution
		HideSolutionNode = FALSE
	EndGlobalSection
	GlobalSection(ExtensibilityGlobals) = postSolution
		SolutionGuid = {FCCF318D-9616-4974-A18A-74B9D7D8BB1A}
	EndGlobalSection
EndGlobal
