
Microsoft Visual Studio Solution File, Format Version 12.00
# Visual Studio Version 17
VisualStudioVersion = 17.3.32901.215
MinimumVisualStudioVersion = 10.0.40219.1
Project("{FAE04EC0-301F-11D3-BF4B-00C04F79EFBC}") = "iksz", "iksz\iksz.csproj", "{6E48CD9C-C3D1-4B49-B11D-F2D3ABC4B908}"
EndProject
Global
	GlobalSection(SolutionConfigurationPlatforms) = preSolution
		Debug|Any CPU = Debug|Any CPU
		Release|Any CPU = Release|Any CPU
	EndGlobalSection
	GlobalSection(ProjectConfigurationPlatforms) = postSolution
		{6E48CD9C-C3D1-4B49-B11D-F2D3ABC4B908}.Debug|Any CPU.ActiveCfg = Debug|Any CPU
		{6E48CD9C-C3D1-4B49-B11D-F2D3ABC4B908}.Debug|Any CPU.Build.0 = Debug|Any CPU
		{6E48CD9C-C3D1-4B49-B11D-F2D3ABC4B908}.Release|Any CPU.ActiveCfg = Release|Any CPU
		{6E48CD9C-C3D1-4B49-B11D-F2D3ABC4B908}.Release|Any CPU.Build.0 = Release|Any CPU
	EndGlobalSection
	GlobalSection(SolutionProperties) = preSolution
		HideSolutionNode = FALSE
	EndGlobalSection
	GlobalSection(ExtensibilityGlobals) = postSolution
		SolutionGuid = {69C14736-B501-4DB4-8B98-161FC52F70E2}
	EndGlobalSection
EndGlobal
